
Microsoft Visual Studio Solution File, Format Version 12.00
# Visual Studio Version 17
VisualStudioVersion = 17.8.34525.116
MinimumVisualStudioVersion = 10.0.40219.1
Project("{FAE04EC0-301F-11D3-BF4B-00C04F79EFBC}") = "AssessedExercise1;CustomerQueue2", "AssessedExercise1;CustomerQueue2\AssessedExercise1;CustomerQueue2.csproj", "{BAAE1ECC-1DEF-4422-9C33-92AC283D38D2}"
EndProject
Global
	GlobalSection(SolutionConfigurationPlatforms) = preSolution
		Debug|Any CPU = Debug|Any CPU
		Release|Any CPU = Release|Any CPU
	EndGlobalSection
	GlobalSection(ProjectConfigurationPlatforms) = postSolution
		{BAAE1ECC-1DEF-4422-9C33-92AC283D38D2}.Debug|Any CPU.ActiveCfg = Debug|Any CPU
		{BAAE1ECC-1DEF-4422-9C33-92AC283D38D2}.Debug|Any CPU.Build.0 = Debug|Any CPU
		{BAAE1ECC-1DEF-4422-9C33-92AC283D38D2}.Release|Any CPU.ActiveCfg = Release|Any CPU
		{BAAE1ECC-1DEF-4422-9C33-92AC283D38D2}.Release|Any CPU.Build.0 = Release|Any CPU
	EndGlobalSection
	GlobalSection(SolutionProperties) = preSolution
		HideSolutionNode = FALSE
	EndGlobalSection
	GlobalSection(ExtensibilityGlobals) = postSolution
		SolutionGuid = {08CC1705-24FB-42F2-A009-CCBE3F908939}
	EndGlobalSection
EndGlobal
